
Microsoft Visual Studio Solution File, Format Version 12.00
# Visual Studio Version 16
VisualStudioVersion = 16.0.31402.337
MinimumVisualStudioVersion = 10.0.40219.1
Project("{FAE04EC0-301F-11D3-BF4B-00C04F79EFBC}") = "FileIO Demo", "FileIO Demo\FileIO Demo.csproj", "{FA9DB8E1-CD57-475A-938E-855DE0078305}"
EndProject
Project("{FAE04EC0-301F-11D3-BF4B-00C04F79EFBC}") = "SerializationDemo", "SerializationDemo\SerializationDemo.csproj", "{E66C447B-7FF3-4650-B962-B447C2D116BC}"
EndProject
Global
	GlobalSection(SolutionConfigurationPlatforms) = preSolution
		Debug|Any CPU = Debug|Any CPU
		Release|Any CPU = Release|Any CPU
	EndGlobalSection
	GlobalSection(ProjectConfigurationPlatforms) = postSolution
		{FA9DB8E1-CD57-475A-938E-855DE0078305}.Debug|Any CPU.ActiveCfg = Debug|Any CPU
		{FA9DB8E1-CD57-475A-938E-855DE0078305}.Debug|Any CPU.Build.0 = Debug|Any CPU
		{FA9DB8E1-CD57-475A-938E-855DE0078305}.Release|Any CPU.ActiveCfg = Release|Any CPU
		{FA9DB8E1-CD57-475A-938E-855DE0078305}.Release|Any CPU.Build.0 = Release|Any CPU
		{E66C447B-7FF3-4650-B962-B447C2D116BC}.Debug|Any CPU.ActiveCfg = Debug|Any CPU
		{E66C447B-7FF3-4650-B962-B447C2D116BC}.Debug|Any CPU.Build.0 = Debug|Any CPU
		{E66C447B-7FF3-4650-B962-B447C2D116BC}.Release|Any CPU.ActiveCfg = Release|Any CPU
		{E66C447B-7FF3-4650-B962-B447C2D116BC}.Release|Any CPU.Build.0 = Release|Any CPU
	EndGlobalSection
	GlobalSection(SolutionProperties) = preSolution
		HideSolutionNode = FALSE
	EndGlobalSection
	GlobalSection(ExtensibilityGlobals) = postSolution
		SolutionGuid = {D1842B8A-520B-4EAA-8EC3-253F49A910EB}
	EndGlobalSection
EndGlobal
